
Microsoft Visual Studio Solution File, Format Version 12.00
# Visual Studio 15
Project("{FAE04EC0-301F-11D3-BF4B-00C04F79EFBC}") = "Zeno-AzureDevopsTuto", "Zeno-AzureDevopsTuto.csproj", "{7D88150A-B1C3-4E7D-BA0B-9CDF41757702}"
EndProject
Global
	GlobalSection(SolutionConfigurationPlatforms) = preSolution
		Debug|Any CPU = Debug|Any CPU
		Release|Any CPU = Release|Any CPU
	EndGlobalSection
	GlobalSection(ProjectConfigurationPlatforms) = postSolution
		{7D88150A-B1C3-4E7D-BA0B-9CDF41757702}.Debug|Any CPU.ActiveCfg = Debug|Any CPU
		{7D88150A-B1C3-4E7D-BA0B-9CDF41757702}.Debug|Any CPU.Build.0 = Debug|Any CPU
		{7D88150A-B1C3-4E7D-BA0B-9CDF41757702}.Release|Any CPU.ActiveCfg = Release|Any CPU
		{7D88150A-B1C3-4E7D-BA0B-9CDF41757702}.Release|Any CPU.Build.0 = Release|Any CPU
	EndGlobalSection
EndGlobal
